// !$*UTF8*$!
{
	archiveVersion = 1;
	classes = {
	};
	objectVersion = 50;
	objects = {

/* Begin PBXBuildFile section */
		5400795A261A1016004A87FC /* QuizServiceProtocol.swift in Sources */ = {isa = PBXBuildFile; fileRef = 54007959261A1016004A87FC /* QuizServiceProtocol.swift */; };
		5400795D261A1159004A87FC /* ResultViewControllerProtocol.swift in Sources */ = {isa = PBXBuildFile; fileRef = 5400795C261A1159004A87FC /* ResultViewControllerProtocol.swift */; };
		5472A89D24F59D0D00A66306 /* AppDelegate.swift in Sources */ = {isa = PBXBuildFile; fileRef = 5472A89C24F59D0D00A66306 /* AppDelegate.swift */; };
		5472A89F24F59D0D00A66306 /* SceneDelegate.swift in Sources */ = {isa = PBXBuildFile; fileRef = 5472A89E24F59D0D00A66306 /* SceneDelegate.swift */; };
		5472A8A124F59D0D00A66306 /* ViewController.swift in Sources */ = {isa = PBXBuildFile; fileRef = 5472A8A024F59D0D00A66306 /* ViewController.swift */; };
		5472A8A424F59D0D00A66306 /* Main.storyboard in Resources */ = {isa = PBXBuildFile; fileRef = 5472A8A224F59D0D00A66306 /* Main.storyboard */; };
		5472A8A624F59D0F00A66306 /* Assets.xcassets in Resources */ = {isa = PBXBuildFile; fileRef = 5472A8A524F59D0F00A66306 /* Assets.xcassets */; };
		5472A8A924F59D0F00A66306 /* LaunchScreen.storyboard in Resources */ = {isa = PBXBuildFile; fileRef = 5472A8A724F59D0F00A66306 /* LaunchScreen.storyboard */; };
		5472A8B124F5AABD00A66306 /* Question.swift in Sources */ = {isa = PBXBuildFile; fileRef = 5472A8B024F5AABD00A66306 /* Question.swift */; };
		5472A8B324F5ABA700A66306 /* QuizService.swift in Sources */ = {isa = PBXBuildFile; fileRef = 5472A8B224F5ABA700A66306 /* QuizService.swift */; };
		5472A8B524F5B9E700A66306 /* QuestionData.json in Resources */ = {isa = PBXBuildFile; fileRef = 5472A8B424F5B9E700A66306 /* QuestionData.json */; };
		54D44F0A24F6D3910017E544 /* ResultViewController.swift in Sources */ = {isa = PBXBuildFile; fileRef = 54D44F0924F6D3910017E544 /* ResultViewController.swift */; };
		54D44F0C24F6E08E0017E544 /* StateManager.swift in Sources */ = {isa = PBXBuildFile; fileRef = 54D44F0B24F6E08E0017E544 /* StateManager.swift */; };
/* End PBXBuildFile section */

/* Begin PBXFileReference section */
		54007959261A1016004A87FC /* QuizServiceProtocol.swift */ = {isa = PBXFileReference; lastKnownFileType = sourcecode.swift; path = QuizServiceProtocol.swift; sourceTree = "<group>"; };
		5400795C261A1159004A87FC /* ResultViewControllerProtocol.swift */ = {isa = PBXFileReference; lastKnownFileType = sourcecode.swift; path = ResultViewControllerProtocol.swift; sourceTree = "<group>"; };
		5472A89924F59D0D00A66306 /* QuizApp_Exam.app */ = {isa = PBXFileReference; explicitFileType = wrapper.application; includeInIndex = 0; path = QuizApp_Exam.app; sourceTree = BUILT_PRODUCTS_DIR; };
		5472A89C24F59D0D00A66306 /* AppDelegate.swift */ = {isa = PBXFileReference; lastKnownFileType = sourcecode.swift; path = AppDelegate.swift; sourceTree = "<group>"; };
		5472A89E24F59D0D00A66306 /* SceneDelegate.swift */ = {isa = PBXFileReference; lastKnownFileType = sourcecode.swift; path = SceneDelegate.swift; sourceTree = "<group>"; };
		5472A8A024F59D0D00A66306 /* ViewController.swift */ = {isa = PBXFileReference; lastKnownFileType = sourcecode.swift; path = ViewController.swift; sourceTree = "<group>"; };
		5472A8A324F59D0D00A66306 /* Base */ = {isa = PBXFileReference; lastKnownFileType = file.storyboard; name = Base; path = Base.lproj/Main.storyboard; sourceTree = "<group>"; };
		5472A8A524F59D0F00A66306 /* Assets.xcassets */ = {isa = PBXFileReference; lastKnownFileType = folder.assetcatalog; path = Assets.xcassets; sourceTree = "<group>"; };
		5472A8A824F59D0F00A66306 /* Base */ = {isa = PBXFileReference; lastKnownFileType = file.storyboard; name = Base; path = Base.lproj/LaunchScreen.storyboard; sourceTree = "<group>"; };
		5472A8AA24F59D0F00A66306 /* Info.plist */ = {isa = PBXFileReference; lastKnownFileType = text.plist.xml; path = Info.plist; sourceTree = "<group>"; };
		5472A8B024F5AABD00A66306 /* Question.swift */ = {isa = PBXFileReference; lastKnownFileType = sourcecode.swift; path = Question.swift; sourceTree = "<group>"; };
		5472A8B224F5ABA700A66306 /* QuizService.swift */ = {isa = PBXFileReference; lastKnownFileType = sourcecode.swift; path = QuizService.swift; sourceTree = "<group>"; };
		5472A8B424F5B9E700A66306 /* QuestionData.json */ = {isa = PBXFileReference; fileEncoding = 4; lastKnownFileType = text.json; path = QuestionData.json; sourceTree = "<group>"; };
		54D44F0924F6D3910017E544 /* ResultViewController.swift */ = {isa = PBXFileReference; lastKnownFileType = sourcecode.swift; path = ResultViewController.swift; sourceTree = "<group>"; };
		54D44F0B24F6E08E0017E544 /* StateManager.swift */ = {isa = PBXFileReference; lastKnownFileType = sourcecode.swift; path = StateManager.swift; sourceTree = "<group>"; };
/* End PBXFileReference section */

/* Begin PBXFrameworksBuildPhase section */
		5472A89624F59D0D00A66306 /* Frameworks */ = {
			isa = PBXFrameworksBuildPhase;
			buildActionMask = 2147483647;
			files = (
			);
			runOnlyForDeploymentPostprocessing = 0;
		};
/* End PBXFrameworksBuildPhase section */

/* Begin PBXGroup section */
		54007950261A0F0F004A87FC /* Storyboards */ = {
			isa = PBXGroup;
			children = (
				5472A8A224F59D0D00A66306 /* Main.storyboard */,
				5472A8A724F59D0F00A66306 /* LaunchScreen.storyboard */,
			);
			path = Storyboards;
			sourceTree = "<group>";
		};
		54007951261A0F47004A87FC /* ViewControllers */ = {
			isa = PBXGroup;
			children = (
				5472A8A024F59D0D00A66306 /* ViewController.swift */,
				54D44F0924F6D3910017E544 /* ResultViewController.swift */,
			);
			path = ViewControllers;
			sourceTree = "<group>";
		};
		54007953261A0F97004A87FC /* Services */ = {
			isa = PBXGroup;
			children = (
				5472A8B224F5ABA700A66306 /* QuizService.swift */,
				54D44F0B24F6E08E0017E544 /* StateManager.swift */,
			);
			path = Services;
			sourceTree = "<group>";
		};
		54007955261A0F9E004A87FC /* Models */ = {
			isa = PBXGroup;
			children = (
				5472A8B024F5AABD00A66306 /* Question.swift */,
			);
			path = Models;
			sourceTree = "<group>";
		};
		54007957261A0FAE004A87FC /* Protocols */ = {
			isa = PBXGroup;
			children = (
				54007959261A1016004A87FC /* QuizServiceProtocol.swift */,
				5400795C261A1159004A87FC /* ResultViewControllerProtocol.swift */,
			);
			path = Protocols;
			sourceTree = "<group>";
		};
		5472A89024F59D0D00A66306 = {
			isa = PBXGroup;
			children = (
				5472A89B24F59D0D00A66306 /* QuizApp_Exam */,
				5472A89A24F59D0D00A66306 /* Products */,
			);
			sourceTree = "<group>";
		};
		5472A89A24F59D0D00A66306 /* Products */ = {
			isa = PBXGroup;
			children = (
				5472A89924F59D0D00A66306 /* QuizApp_Exam.app */,
			);
			name = Products;
			sourceTree = "<group>";
		};
		5472A89B24F59D0D00A66306 /* QuizApp_Exam */ = {
			isa = PBXGroup;
			children = (
				5472A89C24F59D0D00A66306 /* AppDelegate.swift */,
				5472A89E24F59D0D00A66306 /* SceneDelegate.swift */,
				54007950261A0F0F004A87FC /* Storyboards */,
				54007951261A0F47004A87FC /* ViewControllers */,
				54007955261A0F9E004A87FC /* Models */,
				54007953261A0F97004A87FC /* Services */,
				54007957261A0FAE004A87FC /* Protocols */,
				5472A8B424F5B9E700A66306 /* QuestionData.json */,
				5472A8A524F59D0F00A66306 /* Assets.xcassets */,
				5472A8AA24F59D0F00A66306 /* Info.plist */,
			);
			path = QuizApp_Exam;
			sourceTree = "<group>";
		};
/* End PBXGroup section */

/* Begin PBXNativeTarget section */
		5472A89824F59D0D00A66306 /* QuizApp_Exam */ = {
			isa = PBXNativeTarget;
			buildConfigurationList = 5472A8AD24F59D0F00A66306 /* Build configuration list for PBXNativeTarget "QuizApp_Exam" */;
			buildPhases = (
				5472A89524F59D0D00A66306 /* Sources */,
				5472A89624F59D0D00A66306 /* Frameworks */,
				5472A89724F59D0D00A66306 /* Resources */,
			);
			buildRules = (
			);
			dependencies = (
			);
			name = QuizApp_Exam;
			productName = QuizApp_Exam;
			productReference = 5472A89924F59D0D00A66306 /* QuizApp_Exam.app */;
			productType = "com.apple.product-type.application";
		};
/* End PBXNativeTarget section */

/* Begin PBXProject section */
		5472A89124F59D0D00A66306 /* Project object */ = {
			isa = PBXProject;
			attributes = {
				LastSwiftUpdateCheck = 1160;
				LastUpgradeCheck = 1160;
				ORGANIZATIONNAME = Tsibulko;
				TargetAttributes = {
					5472A89824F59D0D00A66306 = {
						CreatedOnToolsVersion = 11.6;
					};
				};
			};
			buildConfigurationList = 5472A89424F59D0D00A66306 /* Build configuration list for PBXProject "QuizApp_Exam" */;
			compatibilityVersion = "Xcode 9.3";
			developmentRegion = en;
			hasScannedForEncodings = 0;
			knownRegions = (
				en,
				Base,
			);
			mainGroup = 5472A89024F59D0D00A66306;
			productRefGroup = 5472A89A24F59D0D00A66306 /* Products */;
			projectDirPath = "";
			projectRoot = "";
			targets = (
				5472A89824F59D0D00A66306 /* QuizApp_Exam */,
			);
		};
/* End PBXProject section */

/* Begin PBXResourcesBuildPhase section */
		5472A89724F59D0D00A66306 /* Resources */ = {
			isa = PBXResourcesBuildPhase;
			buildActionMask = 2147483647;
			files = (
				5472A8A924F59D0F00A66306 /* LaunchScreen.storyboard in Resources */,
				5472A8A624F59D0F00A66306 /* Assets.xcassets in Resources */,
				5472A8A424F59D0D00A66306 /* Main.storyboard in Resources */,
				5472A8B524F5B9E700A66306 /* QuestionData.json in Resources */,
			);
			runOnlyForDeploymentPostprocessing = 0;
		};
/* End PBXResourcesBuildPhase section */

/* Begin PBXSourcesBuildPhase section */
		5472A89524F59D0D00A66306 /* Sources */ = {
			isa = PBXSourcesBuildPhase;
			buildActionMask = 2147483647;
			files = (
				5400795A261A1016004A87FC /* QuizServiceProtocol.swift in Sources */,
				5472A8A124F59D0D00A66306 /* ViewController.swift in Sources */,
				5472A8B124F5AABD00A66306 /* Question.swift in Sources */,
				5472A89D24F59D0D00A66306 /* AppDelegate.swift in Sources */,
				54D44F0C24F6E08E0017E544 /* StateManager.swift in Sources */,
				5472A89F24F59D0D00A66306 /* SceneDelegate.swift in Sources */,
				5472A8B324F5ABA700A66306 /* QuizService.swift in Sources */,
				5400795D261A1159004A87FC /* ResultViewControllerProtocol.swift in Sources */,
				54D44F0A24F6D3910017E544 /* ResultViewController.swift in Sources */,
			);
			runOnlyForDeploymentPostprocessing = 0;
		};
/* End PBXSourcesBuildPhase section */

/* Begin PBXVariantGroup section */
		5472A8A224F59D0D00A66306 /* Main.storyboard */ = {
			isa = PBXVariantGroup;
			children = (
				5472A8A324F59D0D00A66306 /* Base */,
			);
			name = Main.storyboard;
			sourceTree = "<group>";
		};
		5472A8A724F59D0F00A66306 /* LaunchScreen.storyboard */ = {
			isa = PBXVariantGroup;
			children = (
				5472A8A824F59D0F00A66306 /* Base */,
			);
			name = LaunchScreen.storyboard;
			sourceTree = "<group>";
		};
/* End PBXVariantGroup section */

/* Begin XCBuildConfiguration section */
		5472A8AB24F59D0F00A66306 /* Debug */ = {
			isa = XCBuildConfiguration;
			buildSettings = {
				ALWAYS_SEARCH_USER_PATHS = NO;
				CLANG_ANALYZER_NONNULL = YES;
				CLANG_ANALYZER_NUMBER_OBJECT_CONVERSION = YES_AGGRESSIVE;
				CLANG_CXX_LANGUAGE_STANDARD = "gnu++14";
				CLANG_CXX_LIBRARY = "libc++";
				CLANG_ENABLE_MODULES = YES;
				CLANG_ENABLE_OBJC_ARC = YES;
				CLANG_ENABLE_OBJC_WEAK = YES;
				CLANG_WARN_BLOCK_CAPTURE_AUTORELEASING = YES;
				CLANG_WARN_BOOL_CONVERSION = YES;
				CLANG_WARN_COMMA = YES;
				CLANG_WARN_CONSTANT_CONVERSION = YES;
				CLANG_WARN_DEPRECATED_OBJC_IMPLEMENTATIONS = YES;
				CLANG_WARN_DIRECT_OBJC_ISA_USAGE = YES_ERROR;
				CLANG_WARN_DOCUMENTATION_COMMENTS = YES;
				CLANG_WARN_EMPTY_BODY = YES;
				CLANG_WARN_ENUM_CONVERSION = YES;
				CLANG_WARN_INFINITE_RECURSION = YES;
				CLANG_WARN_INT_CONVERSION = YES;
				CLANG_WARN_NON_LITERAL_NULL_CONVERSION = YES;
				CLANG_WARN_OBJC_IMPLICIT_RETAIN_SELF = YES;
				CLANG_WARN_OBJC_LITERAL_CONVERSION = YES;
				CLANG_WARN_OBJC_ROOT_CLASS = YES_ERROR;
				CLANG_WARN_RANGE_LOOP_ANALYSIS = YES;
				CLANG_WARN_STRICT_PROTOTYPES = YES;
				CLANG_WARN_SUSPICIOUS_MOVE = YES;
				CLANG_WARN_UNGUARDED_AVAILABILITY = YES_AGGRESSIVE;
				CLANG_WARN_UNREACHABLE_CODE = YES;
				CLANG_WARN__DUPLICATE_METHOD_MATCH = YES;
				COPY_PHASE_STRIP = NO;
				DEBUG_INFORMATION_FORMAT = dwarf;
				ENABLE_STRICT_OBJC_MSGSEND = YES;
				ENABLE_TESTABILITY = YES;
				GCC_C_LANGUAGE_STANDARD = gnu11;
				GCC_DYNAMIC_NO_PIC = NO;
				GCC_NO_COMMON_BLOCKS = YES;
				GCC_OPTIMIZATION_LEVEL = 0;
				GCC_PREPROCESSOR_DEFINITIONS = (
					"DEBUG=1",
					"$(inherited)",
				);
				GCC_WARN_64_TO_32_BIT_CONVERSION = YES;
				GCC_WARN_ABOUT_RETURN_TYPE = YES_ERROR;
				GCC_WARN_UNDECLARED_SELECTOR = YES;
				GCC_WARN_UNINITIALIZED_AUTOS = YES_AGGRESSIVE;
				GCC_WARN_UNUSED_FUNCTION = YES;
				GCC_WARN_UNUSED_VARIABLE = YES;
				IPHONEOS_DEPLOYMENT_TARGET = 13.6;
				MTL_ENABLE_DEBUG_INFO = INCLUDE_SOURCE;
				MTL_FAST_MATH = YES;
				ONLY_ACTIVE_ARCH = YES;
				SDKROOT = iphoneos;
				SWIFT_ACTIVE_COMPILATION_CONDITIONS = DEBUG;
				SWIFT_OPTIMIZATION_LEVEL = "-Onone";
			};
			name = Debug;
		};
		5472A8AC24F59D0F00A66306 /* Release */ = {
			isa = XCBuildConfiguration;
			buildSettings = {
				ALWAYS_SEARCH_USER_PATHS = NO;
				CLANG_ANALYZER_NONNULL = YES;
				CLANG_ANALYZER_NUMBER_OBJECT_CONVERSION = YES_AGGRESSIVE;
				CLANG_CXX_LANGUAGE_STANDARD = "gnu++14";
				CLANG_CXX_LIBRARY = "libc++";
				CLANG_ENABLE_MODULES = YES;
				CLANG_ENABLE_OBJC_ARC = YES;
				CLANG_ENABLE_OBJC_WEAK = YES;
				CLANG_WARN_BLOCK_CAPTURE_AUTORELEASING = YES;
				CLANG_WARN_BOOL_CONVERSION = YES;
				CLANG_WARN_COMMA = YES;
				CLANG_WARN_CONSTANT_CONVERSION = YES;
				CLANG_WARN_DEPRECATED_OBJC_IMPLEMENTATIONS = YES;
				CLANG_WARN_DIRECT_OBJC_ISA_USAGE = YES_ERROR;
				CLANG_WARN_DOCUMENTATION_COMMENTS = YES;
				CLANG_WARN_EMPTY_BODY = YES;
				CLANG_WARN_ENUM_CONVERSION = YES;
				CLANG_WARN_INFINITE_RECURSION = YES;
				CLANG_WARN_INT_CONVERSION = YES;
				CLANG_WARN_NON_LITERAL_NULL_CONVERSION = YES;
				CLANG_WARN_OBJC_IMPLICIT_RETAIN_SELF = YES;
				CLANG_WARN_OBJC_LITERAL_CONVERSION = YES;
				CLANG_WARN_OBJC_ROOT_CLASS = YES_ERROR;
				CLANG_WARN_RANGE_LOOP_ANALYSIS = YES;
				CLANG_WARN_STRICT_PROTOTYPES = YES;
				CLANG_WARN_SUSPICIOUS_MOVE = YES;
				CLANG_WARN_UNGUARDED_AVAILABILITY = YES_AGGRESSIVE;
				CLANG_WARN_UNREACHABLE_CODE = YES;
				CLANG_WARN__DUPLICATE_METHOD_MATCH = YES;
				COPY_PHASE_STRIP = NO;
				DEBUG_INFORMATION_FORMAT = "dwarf-with-dsym";
				ENABLE_NS_ASSERTIONS = NO;
				ENABLE_STRICT_OBJC_MSGSEND = YES;
				GCC_C_LANGUAGE_STANDARD = gnu11;
				GCC_NO_COMMON_BLOCKS = YES;
				GCC_WARN_64_TO_32_BIT_CONVERSION = YES;
				GCC_WARN_ABOUT_RETURN_TYPE = YES_ERROR;
				GCC_WARN_UNDECLARED_SELECTOR = YES;
				GCC_WARN_UNINITIALIZED_AUTOS = YES_AGGRESSIVE;
				GCC_WARN_UNUSED_FUNCTION = YES;
				GCC_WARN_UNUSED_VARIABLE = YES;
				IPHONEOS_DEPLOYMENT_TARGET = 13.6;
				MTL_ENABLE_DEBUG_INFO = NO;
				MTL_FAST_MATH = YES;
				SDKROOT = iphoneos;
				SWIFT_COMPILATION_MODE = wholemodule;
				SWIFT_OPTIMIZATION_LEVEL = "-O";
				VALIDATE_PRODUCT = YES;
			};
			name = Release;
		};
		5472A8AE24F59D0F00A66306 /* Debug */ = {
			isa = XCBuildConfiguration;
			buildSettings = {
				ASSETCATALOG_COMPILER_APPICON_NAME = AppIcon;
				CODE_SIGN_STYLE = Automatic;
				INFOPLIST_FILE = QuizApp_Exam/Info.plist;
				LD_RUNPATH_SEARCH_PATHS = (
					"$(inherited)",
					"@executable_path/Frameworks",
				);
				PRODUCT_BUNDLE_IDENTIFIER = "";
				PRODUCT_NAME = "$(TARGET_NAME)";
				SWIFT_VERSION = 5.0;
				TARGETED_DEVICE_FAMILY = "1,2";
			};
			name = Debug;
		};
		5472A8AF24F59D0F00A66306 /* Release */ = {
			isa = XCBuildConfiguration;
			buildSettings = {
				ASSETCATALOG_COMPILER_APPICON_NAME = AppIcon;
				CODE_SIGN_STYLE = Automatic;
				INFOPLIST_FILE = QuizApp_Exam/Info.plist;
				LD_RUNPATH_SEARCH_PATHS = (
					"$(inherited)",
					"@executable_path/Frameworks",
				);
				PRODUCT_BUNDLE_IDENTIFIER = "";
				PRODUCT_NAME = "$(TARGET_NAME)";
				SWIFT_VERSION = 5.0;
				TARGETED_DEVICE_FAMILY = "1,2";
			};
			name = Release;
		};
/* End XCBuildConfiguration section */

/* Begin XCConfigurationList section */
		5472A89424F59D0D00A66306 /* Build configuration list for PBXProject "QuizApp_Exam" */ = {
			isa = XCConfigurationList;
			buildConfigurations = (
				5472A8AB24F59D0F00A66306 /* Debug */,
				5472A8AC24F59D0F00A66306 /* Release */,
			);
			defaultConfigurationIsVisible = 0;
			defaultConfigurationName = Release;
		};
		5472A8AD24F59D0F00A66306 /* Build configuration list for PBXNativeTarget "QuizApp_Exam" */ = {
			isa = XCConfigurationList;
			buildConfigurations = (
				5472A8AE24F59D0F00A66306 /* Debug */,
				5472A8AF24F59D0F00A66306 /* Release */,
			);
			defaultConfigurationIsVisible = 0;
			defaultConfigurationName = Release;
		};
/* End XCConfigurationList section */
	};
	rootObject = 5472A89124F59D0D00A66306 /* Project object */;
}
